{
  "originHash" : "2fea48f059ca1b3ac4b2fc5c1e07306e5fd6e591c34b52099f3a4c00932c4d29",
  "pins" : [
    {
      "identity" : "espeak-ng-spm",
      "kind" : "remoteSourceControl",
      "location" : "https://github.com/espeak-ng/espeak-ng-spm",
      "state" : {
        "branch" : "master",
        "revision" : "dda87cd7efcc832db857c78c7ae68839ba9bb43e"
      }
    }
  ],
  "version" : 3
}
